
Microsoft Visual Studio Solution File, Format Version 12.00
# Visual Studio Version 17
VisualStudioVersion = 17.10.35013.160
MinimumVisualStudioVersion = 10.0.40219.1
Project("{FAE04EC0-301F-11D3-BF4B-00C04F79EFBC}") = "C# Uppgift 3 CS", "C# Uppgift 3 CS\C# Uppgift 3 CS.csproj", "{2CA2EBD6-FDBB-433B-9E51-02E938F99949}"
EndProject
Global
	GlobalSection(SolutionConfigurationPlatforms) = preSolution
		Debug|Any CPU = Debug|Any CPU
		Release|Any CPU = Release|Any CPU
	EndGlobalSection
	GlobalSection(ProjectConfigurationPlatforms) = postSolution
		{2CA2EBD6-FDBB-433B-9E51-02E938F99949}.Debug|Any CPU.ActiveCfg = Debug|Any CPU
		{2CA2EBD6-FDBB-433B-9E51-02E938F99949}.Debug|Any CPU.Build.0 = Debug|Any CPU
		{2CA2EBD6-FDBB-433B-9E51-02E938F99949}.Release|Any CPU.ActiveCfg = Release|Any CPU
		{2CA2EBD6-FDBB-433B-9E51-02E938F99949}.Release|Any CPU.Build.0 = Release|Any CPU
	EndGlobalSection
	GlobalSection(SolutionProperties) = preSolution
		HideSolutionNode = FALSE
	EndGlobalSection
	GlobalSection(ExtensibilityGlobals) = postSolution
		SolutionGuid = {76B08B1A-14D1-4C36-BC32-60ED7DCFDE1F}
	EndGlobalSection
EndGlobal
